
Microsoft Visual Studio Solution File, Format Version 12.00
# Visual Studio 14
VisualStudioVersion = 14.0.25420.1
MinimumVisualStudioVersion = 10.0.40219.1
Project("{2150E333-8FDC-42A3-9474-1A3956D46DE8}") = "Dll", "Dll", "{14CA378E-4B39-49B4-8111-603911B63B1D}"
	ProjectSection(SolutionItems) = preProject
		Dll\FusionCharts.dll = Dll\FusionCharts.dll
		Dll\HtmlAgilityPack.dll = Dll\HtmlAgilityPack.dll
		Dll\HtmlAgilityPack.pdb = Dll\HtmlAgilityPack.pdb
		Dll\HtmlAgilityPack.XML = Dll\HtmlAgilityPack.XML
		Dll\log4net.dll = Dll\log4net.dll
		Dll\XY.DataAccess.dll = Dll\XY.DataAccess.dll
		Dll\XY.DataAccess.pdb = Dll\XY.DataAccess.pdb
		Dll\XY.Util.dll = Dll\XY.Util.dll
		Dll\XY.Util.pdb = Dll\XY.Util.pdb
		Dll\YunChengLK.Framework.dll = Dll\YunChengLK.Framework.dll
	EndProjectSection
EndProject
Global
	GlobalSection(SolutionProperties) = preSolution
		HideSolutionNode = FALSE
	EndGlobalSection
EndGlobal
